// !$*UTF8*$!
{
	archiveVersion = 1;
	classes = {
	};
	objectVersion = 56;
	objects = {

/* Begin PBXBuildFile section */
		03A3E0D529DE231700FA4D67 /* CameraColourPickerApp.swift in Sources */ = {isa = PBXBuildFile; fileRef = 03A3E0D429DE231700FA4D67 /* CameraColourPickerApp.swift */; };
		03A3E0D729DE231700FA4D67 /* ContentView.swift in Sources */ = {isa = PBXBuildFile; fileRef = 03A3E0D629DE231700FA4D67 /* ContentView.swift */; };
		03A3E0D929DE231900FA4D67 /* Assets.xcassets in Resources */ = {isa = PBXBuildFile; fileRef = 03A3E0D829DE231900FA4D67 /* Assets.xcassets */; };
		03A3E0DC29DE231900FA4D67 /* Preview Assets.xcassets in Resources */ = {isa = PBXBuildFile; fileRef = 03A3E0DB29DE231900FA4D67 /* Preview Assets.xcassets */; };
		03A3E0E329DE24D200FA4D67 /* FrameView.swift in Sources */ = {isa = PBXBuildFile; fileRef = 03A3E0E229DE24D200FA4D67 /* FrameView.swift */; };
		03A3E0E529DE283200FA4D67 /* ErrorView.swift in Sources */ = {isa = PBXBuildFile; fileRef = 03A3E0E429DE283200FA4D67 /* ErrorView.swift */; };
		03A3E0E729DE285C00FA4D67 /* CameraError.swift in Sources */ = {isa = PBXBuildFile; fileRef = 03A3E0E629DE285C00FA4D67 /* CameraError.swift */; };
		03A3E0E929DE28B300FA4D67 /* Extensions.swift in Sources */ = {isa = PBXBuildFile; fileRef = 03A3E0E829DE28B300FA4D67 /* Extensions.swift */; };
		03A3E0ED29DE28FE00FA4D67 /* ContentViewModel.swift in Sources */ = {isa = PBXBuildFile; fileRef = 03A3E0EC29DE28FE00FA4D67 /* ContentViewModel.swift */; };
		03A3E0F129DE292E00FA4D67 /* FrameManager.swift in Sources */ = {isa = PBXBuildFile; fileRef = 03A3E0F029DE292E00FA4D67 /* FrameManager.swift */; };
		03A3E0F229DE292E00FA4D67 /* CameraManager.swift in Sources */ = {isa = PBXBuildFile; fileRef = 03A3E0EF29DE292E00FA4D67 /* CameraManager.swift */; };
		03A3E0F529DE2E5000FA4D67 /* FinderView.swift in Sources */ = {isa = PBXBuildFile; fileRef = 03A3E0F429DE2E5000FA4D67 /* FinderView.swift */; };
		03D6E68629E0756700347277 /* ColorGalleryThumbnail.swift in Sources */ = {isa = PBXBuildFile; fileRef = 03D6E68529E0756700347277 /* ColorGalleryThumbnail.swift */; };
		03D6E68829E0C06400347277 /* ColorGalleryView.swift in Sources */ = {isa = PBXBuildFile; fileRef = 03D6E68729E0C06400347277 /* ColorGalleryView.swift */; };
		03D6E68A29E0D36000347277 /* CustomDropDelegate.swift in Sources */ = {isa = PBXBuildFile; fileRef = 03D6E68929E0D36000347277 /* CustomDropDelegate.swift */; };
		03D6E68C29E0D3E100347277 /* PickedColor.swift in Sources */ = {isa = PBXBuildFile; fileRef = 03D6E68B29E0D3E100347277 /* PickedColor.swift */; };
		03D6E68F29E376C100347277 /* Constants.swift in Sources */ = {isa = PBXBuildFile; fileRef = 03D6E68E29E376C100347277 /* Constants.swift */; };
		03D6E69529E4C9B500347277 /* Strings.swift in Sources */ = {isa = PBXBuildFile; fileRef = 03D6E69429E4C9B500347277 /* Strings.swift */; };
		03D6E69629E4CE7C00347277 /* Localizable.strings in Resources */ = {isa = PBXBuildFile; fileRef = 03D6E69829E4CE7C00347277 /* Localizable.strings */; };
/* End PBXBuildFile section */

/* Begin PBXFileReference section */
		03A3E0D129DE231700FA4D67 /* ios-camera-color-picker.app */ = {isa = PBXFileReference; explicitFileType = wrapper.application; includeInIndex = 0; path = "ios-camera-color-picker.app"; sourceTree = BUILT_PRODUCTS_DIR; };
		03A3E0D429DE231700FA4D67 /* CameraColourPickerApp.swift */ = {isa = PBXFileReference; lastKnownFileType = sourcecode.swift; path = CameraColourPickerApp.swift; sourceTree = "<group>"; };
		03A3E0D629DE231700FA4D67 /* ContentView.swift */ = {isa = PBXFileReference; lastKnownFileType = sourcecode.swift; path = ContentView.swift; sourceTree = "<group>"; };
		03A3E0D829DE231900FA4D67 /* Assets.xcassets */ = {isa = PBXFileReference; lastKnownFileType = folder.assetcatalog; path = Assets.xcassets; sourceTree = "<group>"; };
		03A3E0DB29DE231900FA4D67 /* Preview Assets.xcassets */ = {isa = PBXFileReference; lastKnownFileType = folder.assetcatalog; path = "Preview Assets.xcassets"; sourceTree = "<group>"; };
		03A3E0E229DE24D200FA4D67 /* FrameView.swift */ = {isa = PBXFileReference; lastKnownFileType = sourcecode.swift; path = FrameView.swift; sourceTree = "<group>"; };
		03A3E0E429DE283200FA4D67 /* ErrorView.swift */ = {isa = PBXFileReference; lastKnownFileType = sourcecode.swift; path = ErrorView.swift; sourceTree = "<group>"; };
		03A3E0E629DE285C00FA4D67 /* CameraError.swift */ = {isa = PBXFileReference; lastKnownFileType = sourcecode.swift; path = CameraError.swift; sourceTree = "<group>"; };
		03A3E0E829DE28B300FA4D67 /* Extensions.swift */ = {isa = PBXFileReference; lastKnownFileType = sourcecode.swift; path = Extensions.swift; sourceTree = "<group>"; };
		03A3E0EC29DE28FE00FA4D67 /* ContentViewModel.swift */ = {isa = PBXFileReference; lastKnownFileType = sourcecode.swift; path = ContentViewModel.swift; sourceTree = "<group>"; };
		03A3E0EF29DE292E00FA4D67 /* CameraManager.swift */ = {isa = PBXFileReference; lastKnownFileType = sourcecode.swift; path = CameraManager.swift; sourceTree = "<group>"; };
		03A3E0F029DE292E00FA4D67 /* FrameManager.swift */ = {isa = PBXFileReference; lastKnownFileType = sourcecode.swift; path = FrameManager.swift; sourceTree = "<group>"; };
		03A3E0F429DE2E5000FA4D67 /* FinderView.swift */ = {isa = PBXFileReference; lastKnownFileType = sourcecode.swift; path = FinderView.swift; sourceTree = "<group>"; };
		03D6E68529E0756700347277 /* ColorGalleryThumbnail.swift */ = {isa = PBXFileReference; lastKnownFileType = sourcecode.swift; path = ColorGalleryThumbnail.swift; sourceTree = "<group>"; };
		03D6E68729E0C06400347277 /* ColorGalleryView.swift */ = {isa = PBXFileReference; lastKnownFileType = sourcecode.swift; path = ColorGalleryView.swift; sourceTree = "<group>"; };
		03D6E68929E0D36000347277 /* CustomDropDelegate.swift */ = {isa = PBXFileReference; lastKnownFileType = sourcecode.swift; path = CustomDropDelegate.swift; sourceTree = "<group>"; };
		03D6E68B29E0D3E100347277 /* PickedColor.swift */ = {isa = PBXFileReference; lastKnownFileType = sourcecode.swift; path = PickedColor.swift; sourceTree = "<group>"; };
		03D6E68E29E376C100347277 /* Constants.swift */ = {isa = PBXFileReference; lastKnownFileType = sourcecode.swift; path = Constants.swift; sourceTree = "<group>"; };
		03D6E69429E4C9B500347277 /* Strings.swift */ = {isa = PBXFileReference; lastKnownFileType = sourcecode.swift; path = Strings.swift; sourceTree = "<group>"; };
		03D6E69729E4CE7C00347277 /* en */ = {isa = PBXFileReference; lastKnownFileType = text.plist.strings; name = en; path = en.lproj/Localizable.strings; sourceTree = "<group>"; };
		03D6E69929E4CE9800347277 /* it */ = {isa = PBXFileReference; lastKnownFileType = text.plist.strings; name = it; path = it.lproj/Localizable.strings; sourceTree = "<group>"; };
/* End PBXFileReference section */

/* Begin PBXFrameworksBuildPhase section */
		03A3E0CE29DE231700FA4D67 /* Frameworks */ = {
			isa = PBXFrameworksBuildPhase;
			buildActionMask = 2147483647;
			files = (
			);
			runOnlyForDeploymentPostprocessing = 0;
		};
/* End PBXFrameworksBuildPhase section */

/* Begin PBXGroup section */
		03A3E0C829DE231700FA4D67 = {
			isa = PBXGroup;
			children = (
				03A3E0D329DE231700FA4D67 /* ios-camera-color-picker */,
				03A3E0D229DE231700FA4D67 /* Products */,
			);
			sourceTree = "<group>";
		};
		03A3E0D229DE231700FA4D67 /* Products */ = {
			isa = PBXGroup;
			children = (
				03A3E0D129DE231700FA4D67 /* ios-camera-color-picker.app */,
			);
			name = Products;
			sourceTree = "<group>";
		};
		03A3E0D329DE231700FA4D67 /* ios-camera-color-picker */ = {
			isa = PBXGroup;
			children = (
				03A3E0D429DE231700FA4D67 /* CameraColourPickerApp.swift */,
				03A3E0EE29DE292400FA4D67 /* Camera */,
				03D6E68D29E0D3F000347277 /* Model */,
				03A3E0EA29DE28CA00FA4D67 /* Utils */,
				03A3E0EB29DE28D600FA4D67 /* View */,
				03A3E0F329DE29B300FA4D67 /* ViewModel */,
				03A3E0D829DE231900FA4D67 /* Assets.xcassets */,
				03A3E0DA29DE231900FA4D67 /* Preview Content */,
			);
			path = "ios-camera-color-picker";
			sourceTree = "<group>";
		};
		03A3E0DA29DE231900FA4D67 /* Preview Content */ = {
			isa = PBXGroup;
			children = (
				03A3E0DB29DE231900FA4D67 /* Preview Assets.xcassets */,
			);
			path = "Preview Content";
			sourceTree = "<group>";
		};
		03A3E0EA29DE28CA00FA4D67 /* Utils */ = {
			isa = PBXGroup;
			children = (
				03A3E0E829DE28B300FA4D67 /* Extensions.swift */,
				03D6E68929E0D36000347277 /* CustomDropDelegate.swift */,
				03D6E68E29E376C100347277 /* Constants.swift */,
				03D6E69829E4CE7C00347277 /* Localizable.strings */,
				03D6E69429E4C9B500347277 /* Strings.swift */,
			);
			path = Utils;
			sourceTree = "<group>";
		};
		03A3E0EB29DE28D600FA4D67 /* View */ = {
			isa = PBXGroup;
			children = (
				03A3E0E229DE24D200FA4D67 /* FrameView.swift */,
				03A3E0D629DE231700FA4D67 /* ContentView.swift */,
				03A3E0E429DE283200FA4D67 /* ErrorView.swift */,
				03A3E0F429DE2E5000FA4D67 /* FinderView.swift */,
				03D6E68529E0756700347277 /* ColorGalleryThumbnail.swift */,
				03D6E68729E0C06400347277 /* ColorGalleryView.swift */,
			);
			path = View;
			sourceTree = "<group>";
		};
		03A3E0EE29DE292400FA4D67 /* Camera */ = {
			isa = PBXGroup;
			children = (
				03A3E0EF29DE292E00FA4D67 /* CameraManager.swift */,
				03A3E0F029DE292E00FA4D67 /* FrameManager.swift */,
				03A3E0E629DE285C00FA4D67 /* CameraError.swift */,
			);
			path = Camera;
			sourceTree = "<group>";
		};
		03A3E0F329DE29B300FA4D67 /* ViewModel */ = {
			isa = PBXGroup;
			children = (
				03A3E0EC29DE28FE00FA4D67 /* ContentViewModel.swift */,
			);
			path = ViewModel;
			sourceTree = "<group>";
		};
		03D6E68D29E0D3F000347277 /* Model */ = {
			isa = PBXGroup;
			children = (
				03D6E68B29E0D3E100347277 /* PickedColor.swift */,
			);
			path = Model;
			sourceTree = "<group>";
		};
/* End PBXGroup section */

/* Begin PBXNativeTarget section */
		03A3E0D029DE231700FA4D67 /* ios-camera-color-picker */ = {
			isa = PBXNativeTarget;
			buildConfigurationList = 03A3E0DF29DE231900FA4D67 /* Build configuration list for PBXNativeTarget "ios-camera-color-picker" */;
			buildPhases = (
				03A3E0CD29DE231700FA4D67 /* Sources */,
				03A3E0CE29DE231700FA4D67 /* Frameworks */,
				03A3E0CF29DE231700FA4D67 /* Resources */,
			);
			buildRules = (
			);
			dependencies = (
			);
			name = "ios-camera-color-picker";
			productName = "ios-camera-color-picker";
			productReference = 03A3E0D129DE231700FA4D67 /* ios-camera-color-picker.app */;
			productType = "com.apple.product-type.application";
		};
/* End PBXNativeTarget section */

/* Begin PBXProject section */
		03A3E0C929DE231700FA4D67 /* Project object */ = {
			isa = PBXProject;
			attributes = {
				BuildIndependentTargetsInParallel = 1;
				LastSwiftUpdateCheck = 1430;
				LastUpgradeCheck = 1430;
				TargetAttributes = {
					03A3E0D029DE231700FA4D67 = {
						CreatedOnToolsVersion = 14.3;
					};
				};
			};
			buildConfigurationList = 03A3E0CC29DE231700FA4D67 /* Build configuration list for PBXProject "ios-camera-color-picker" */;
			compatibilityVersion = "Xcode 14.0";
			developmentRegion = en;
			hasScannedForEncodings = 0;
			knownRegions = (
				en,
				Base,
				it,
			);
			mainGroup = 03A3E0C829DE231700FA4D67;
			productRefGroup = 03A3E0D229DE231700FA4D67 /* Products */;
			projectDirPath = "";
			projectRoot = "";
			targets = (
				03A3E0D029DE231700FA4D67 /* ios-camera-color-picker */,
			);
		};
/* End PBXProject section */

/* Begin PBXResourcesBuildPhase section */
		03A3E0CF29DE231700FA4D67 /* Resources */ = {
			isa = PBXResourcesBuildPhase;
			buildActionMask = 2147483647;
			files = (
				03A3E0DC29DE231900FA4D67 /* Preview Assets.xcassets in Resources */,
				03D6E69629E4CE7C00347277 /* Localizable.strings in Resources */,
				03A3E0D929DE231900FA4D67 /* Assets.xcassets in Resources */,
			);
			runOnlyForDeploymentPostprocessing = 0;
		};
/* End PBXResourcesBuildPhase section */

/* Begin PBXSourcesBuildPhase section */
		03A3E0CD29DE231700FA4D67 /* Sources */ = {
			isa = PBXSourcesBuildPhase;
			buildActionMask = 2147483647;
			files = (
				03A3E0E329DE24D200FA4D67 /* FrameView.swift in Sources */,
				03A3E0E929DE28B300FA4D67 /* Extensions.swift in Sources */,
				03D6E69529E4C9B500347277 /* Strings.swift in Sources */,
				03A3E0E729DE285C00FA4D67 /* CameraError.swift in Sources */,
				03D6E68629E0756700347277 /* ColorGalleryThumbnail.swift in Sources */,
				03D6E68A29E0D36000347277 /* CustomDropDelegate.swift in Sources */,
				03D6E68F29E376C100347277 /* Constants.swift in Sources */,
				03D6E68C29E0D3E100347277 /* PickedColor.swift in Sources */,
				03A3E0F129DE292E00FA4D67 /* FrameManager.swift in Sources */,
				03A3E0ED29DE28FE00FA4D67 /* ContentViewModel.swift in Sources */,
				03A3E0D729DE231700FA4D67 /* ContentView.swift in Sources */,
				03A3E0F529DE2E5000FA4D67 /* FinderView.swift in Sources */,
				03A3E0D529DE231700FA4D67 /* CameraColourPickerApp.swift in Sources */,
				03A3E0F229DE292E00FA4D67 /* CameraManager.swift in Sources */,
				03A3E0E529DE283200FA4D67 /* ErrorView.swift in Sources */,
				03D6E68829E0C06400347277 /* ColorGalleryView.swift in Sources */,
			);
			runOnlyForDeploymentPostprocessing = 0;
		};
/* End PBXSourcesBuildPhase section */

/* Begin PBXVariantGroup section */
		03D6E69829E4CE7C00347277 /* Localizable.strings */ = {
			isa = PBXVariantGroup;
			children = (
				03D6E69729E4CE7C00347277 /* en */,
				03D6E69929E4CE9800347277 /* it */,
			);
			name = Localizable.strings;
			sourceTree = "<group>";
		};
/* End PBXVariantGroup section */

/* Begin XCBuildConfiguration section */
		03A3E0DD29DE231900FA4D67 /* Debug */ = {
			isa = XCBuildConfiguration;
			buildSettings = {
				ALWAYS_SEARCH_USER_PATHS = NO;
				CLANG_ANALYZER_LOCALIZABILITY_NONLOCALIZED = YES;
				CLANG_ANALYZER_NONNULL = YES;
				CLANG_ANALYZER_NUMBER_OBJECT_CONVERSION = YES_AGGRESSIVE;
				CLANG_CXX_LANGUAGE_STANDARD = "gnu++20";
				CLANG_ENABLE_MODULES = YES;
				CLANG_ENABLE_OBJC_ARC = YES;
				CLANG_ENABLE_OBJC_WEAK = YES;
				CLANG_WARN_BLOCK_CAPTURE_AUTORELEASING = YES;
				CLANG_WARN_BOOL_CONVERSION = YES;
				CLANG_WARN_COMMA = YES;
				CLANG_WARN_CONSTANT_CONVERSION = YES;
				CLANG_WARN_DEPRECATED_OBJC_IMPLEMENTATIONS = YES;
				CLANG_WARN_DIRECT_OBJC_ISA_USAGE = YES_ERROR;
				CLANG_WARN_DOCUMENTATION_COMMENTS = YES;
				CLANG_WARN_EMPTY_BODY = YES;
				CLANG_WARN_ENUM_CONVERSION = YES;
				CLANG_WARN_INFINITE_RECURSION = YES;
				CLANG_WARN_INT_CONVERSION = YES;
				CLANG_WARN_NON_LITERAL_NULL_CONVERSION = YES;
				CLANG_WARN_OBJC_IMPLICIT_RETAIN_SELF = YES;
				CLANG_WARN_OBJC_LITERAL_CONVERSION = YES;
				CLANG_WARN_OBJC_ROOT_CLASS = YES_ERROR;
				CLANG_WARN_QUOTED_INCLUDE_IN_FRAMEWORK_HEADER = YES;
				CLANG_WARN_RANGE_LOOP_ANALYSIS = YES;
				CLANG_WARN_STRICT_PROTOTYPES = YES;
				CLANG_WARN_SUSPICIOUS_MOVE = YES;
				CLANG_WARN_UNGUARDED_AVAILABILITY = YES_AGGRESSIVE;
				CLANG_WARN_UNREACHABLE_CODE = YES;
				CLANG_WARN__DUPLICATE_METHOD_MATCH = YES;
				COPY_PHASE_STRIP = NO;
				DEBUG_INFORMATION_FORMAT = dwarf;
				ENABLE_STRICT_OBJC_MSGSEND = YES;
				ENABLE_TESTABILITY = YES;
				GCC_C_LANGUAGE_STANDARD = gnu11;
				GCC_DYNAMIC_NO_PIC = NO;
				GCC_NO_COMMON_BLOCKS = YES;
				GCC_OPTIMIZATION_LEVEL = 0;
				GCC_PREPROCESSOR_DEFINITIONS = (
					"DEBUG=1",
					"$(inherited)",
				);
				GCC_WARN_64_TO_32_BIT_CONVERSION = YES;
				GCC_WARN_ABOUT_RETURN_TYPE = YES_ERROR;
				GCC_WARN_UNDECLARED_SELECTOR = YES;
				GCC_WARN_UNINITIALIZED_AUTOS = YES_AGGRESSIVE;
				GCC_WARN_UNUSED_FUNCTION = YES;
				GCC_WARN_UNUSED_VARIABLE = YES;
				IPHONEOS_DEPLOYMENT_TARGET = 16.4;
				MTL_ENABLE_DEBUG_INFO = INCLUDE_SOURCE;
				MTL_FAST_MATH = YES;
				ONLY_ACTIVE_ARCH = YES;
				SDKROOT = iphoneos;
				SWIFT_ACTIVE_COMPILATION_CONDITIONS = DEBUG;
				SWIFT_OPTIMIZATION_LEVEL = "-Onone";
			};
			name = Debug;
		};
		03A3E0DE29DE231900FA4D67 /* Release */ = {
			isa = XCBuildConfiguration;
			buildSettings = {
				ALWAYS_SEARCH_USER_PATHS = NO;
				CLANG_ANALYZER_LOCALIZABILITY_NONLOCALIZED = YES;
				CLANG_ANALYZER_NONNULL = YES;
				CLANG_ANALYZER_NUMBER_OBJECT_CONVERSION = YES_AGGRESSIVE;
				CLANG_CXX_LANGUAGE_STANDARD = "gnu++20";
				CLANG_ENABLE_MODULES = YES;
				CLANG_ENABLE_OBJC_ARC = YES;
				CLANG_ENABLE_OBJC_WEAK = YES;
				CLANG_WARN_BLOCK_CAPTURE_AUTORELEASING = YES;
				CLANG_WARN_BOOL_CONVERSION = YES;
				CLANG_WARN_COMMA = YES;
				CLANG_WARN_CONSTANT_CONVERSION = YES;
				CLANG_WARN_DEPRECATED_OBJC_IMPLEMENTATIONS = YES;
				CLANG_WARN_DIRECT_OBJC_ISA_USAGE = YES_ERROR;
				CLANG_WARN_DOCUMENTATION_COMMENTS = YES;
				CLANG_WARN_EMPTY_BODY = YES;
				CLANG_WARN_ENUM_CONVERSION = YES;
				CLANG_WARN_INFINITE_RECURSION = YES;
				CLANG_WARN_INT_CONVERSION = YES;
				CLANG_WARN_NON_LITERAL_NULL_CONVERSION = YES;
				CLANG_WARN_OBJC_IMPLICIT_RETAIN_SELF = YES;
				CLANG_WARN_OBJC_LITERAL_CONVERSION = YES;
				CLANG_WARN_OBJC_ROOT_CLASS = YES_ERROR;
				CLANG_WARN_QUOTED_INCLUDE_IN_FRAMEWORK_HEADER = YES;
				CLANG_WARN_RANGE_LOOP_ANALYSIS = YES;
				CLANG_WARN_STRICT_PROTOTYPES = YES;
				CLANG_WARN_SUSPICIOUS_MOVE = YES;
				CLANG_WARN_UNGUARDED_AVAILABILITY = YES_AGGRESSIVE;
				CLANG_WARN_UNREACHABLE_CODE = YES;
				CLANG_WARN__DUPLICATE_METHOD_MATCH = YES;
				COPY_PHASE_STRIP = NO;
				DEBUG_INFORMATION_FORMAT = "dwarf-with-dsym";
				ENABLE_NS_ASSERTIONS = NO;
				ENABLE_STRICT_OBJC_MSGSEND = YES;
				GCC_C_LANGUAGE_STANDARD = gnu11;
				GCC_NO_COMMON_BLOCKS = YES;
				GCC_WARN_64_TO_32_BIT_CONVERSION = YES;
				GCC_WARN_ABOUT_RETURN_TYPE = YES_ERROR;
				GCC_WARN_UNDECLARED_SELECTOR = YES;
				GCC_WARN_UNINITIALIZED_AUTOS = YES_AGGRESSIVE;
				GCC_WARN_UNUSED_FUNCTION = YES;
				GCC_WARN_UNUSED_VARIABLE = YES;
				IPHONEOS_DEPLOYMENT_TARGET = 16.4;
				MTL_ENABLE_DEBUG_INFO = NO;
				MTL_FAST_MATH = YES;
				SDKROOT = iphoneos;
				SWIFT_COMPILATION_MODE = wholemodule;
				SWIFT_OPTIMIZATION_LEVEL = "-O";
				VALIDATE_PRODUCT = YES;
			};
			name = Release;
		};
		03A3E0E029DE231900FA4D67 /* Debug */ = {
			isa = XCBuildConfiguration;
			buildSettings = {
				ASSETCATALOG_COMPILER_APPICON_NAME = AppIcon;
				ASSETCATALOG_COMPILER_GLOBAL_ACCENT_COLOR_NAME = AccentColor;
				CODE_SIGN_STYLE = Automatic;
				CURRENT_PROJECT_VERSION = 1;
				DEVELOPMENT_ASSET_PATHS = "\"ios-camera-color-picker/Preview Content\"";
				DEVELOPMENT_TEAM = H6LF5RR8B5;
				ENABLE_PREVIEWS = YES;
				GENERATE_INFOPLIST_FILE = YES;
				INFOPLIST_KEY_CFBundleDisplayName = "Color Picker";
				INFOPLIST_KEY_NSCameraUsageDescription = "The App needs the camera to be able to pick colors.";
				INFOPLIST_KEY_UIApplicationSceneManifest_Generation = YES;
				INFOPLIST_KEY_UIApplicationSupportsIndirectInputEvents = YES;
				INFOPLIST_KEY_UILaunchScreen_Generation = YES;
				INFOPLIST_KEY_UISupportedInterfaceOrientations_iPad = "UIInterfaceOrientationPortrait UIInterfaceOrientationPortraitUpsideDown UIInterfaceOrientationLandscapeLeft UIInterfaceOrientationLandscapeRight";
				INFOPLIST_KEY_UISupportedInterfaceOrientations_iPhone = "UIInterfaceOrientationPortrait UIInterfaceOrientationLandscapeLeft UIInterfaceOrientationLandscapeRight";
				IPHONEOS_DEPLOYMENT_TARGET = 16.0;
				LD_RUNPATH_SEARCH_PATHS = (
					"$(inherited)",
					"@executable_path/Frameworks",
				);
				MARKETING_VERSION = 1.0;
				PRODUCT_BUNDLE_IDENTIFIER = "com.alessandrostuppino.camera-color-picker";
				PRODUCT_NAME = "$(TARGET_NAME)";
				SWIFT_EMIT_LOC_STRINGS = YES;
				SWIFT_VERSION = 5.0;
				TARGETED_DEVICE_FAMILY = "1,2";
			};
			name = Debug;
		};
		03A3E0E129DE231900FA4D67 /* Release */ = {
			isa = XCBuildConfiguration;
			buildSettings = {
				ASSETCATALOG_COMPILER_APPICON_NAME = AppIcon;
				ASSETCATALOG_COMPILER_GLOBAL_ACCENT_COLOR_NAME = AccentColor;
				CODE_SIGN_STYLE = Automatic;
				CURRENT_PROJECT_VERSION = 1;
				DEVELOPMENT_ASSET_PATHS = "\"ios-camera-color-picker/Preview Content\"";
				DEVELOPMENT_TEAM = H6LF5RR8B5;
				ENABLE_PREVIEWS = YES;
				GENERATE_INFOPLIST_FILE = YES;
				INFOPLIST_KEY_CFBundleDisplayName = "Color Picker";
				INFOPLIST_KEY_NSCameraUsageDescription = "The App needs the camera to be able to pick colors.";
				INFOPLIST_KEY_UIApplicationSceneManifest_Generation = YES;
				INFOPLIST_KEY_UIApplicationSupportsIndirectInputEvents = YES;
				INFOPLIST_KEY_UILaunchScreen_Generation = YES;
				INFOPLIST_KEY_UISupportedInterfaceOrientations_iPad = "UIInterfaceOrientationPortrait UIInterfaceOrientationPortraitUpsideDown UIInterfaceOrientationLandscapeLeft UIInterfaceOrientationLandscapeRight";
				INFOPLIST_KEY_UISupportedInterfaceOrientations_iPhone = "UIInterfaceOrientationPortrait UIInterfaceOrientationLandscapeLeft UIInterfaceOrientationLandscapeRight";
				IPHONEOS_DEPLOYMENT_TARGET = 16.0;
				LD_RUNPATH_SEARCH_PATHS = (
					"$(inherited)",
					"@executable_path/Frameworks",
				);
				MARKETING_VERSION = 1.0;
				PRODUCT_BUNDLE_IDENTIFIER = "com.alessandrostuppino.camera-color-picker";
				PRODUCT_NAME = "$(TARGET_NAME)";
				SWIFT_EMIT_LOC_STRINGS = YES;
				SWIFT_VERSION = 5.0;
				TARGETED_DEVICE_FAMILY = "1,2";
			};
			name = Release;
		};
/* End XCBuildConfiguration section */

/* Begin XCConfigurationList section */
		03A3E0CC29DE231700FA4D67 /* Build configuration list for PBXProject "ios-camera-color-picker" */ = {
			isa = XCConfigurationList;
			buildConfigurations = (
				03A3E0DD29DE231900FA4D67 /* Debug */,
				03A3E0DE29DE231900FA4D67 /* Release */,
			);
			defaultConfigurationIsVisible = 0;
			defaultConfigurationName = Release;
		};
		03A3E0DF29DE231900FA4D67 /* Build configuration list for PBXNativeTarget "ios-camera-color-picker" */ = {
			isa = XCConfigurationList;
			buildConfigurations = (
				03A3E0E029DE231900FA4D67 /* Debug */,
				03A3E0E129DE231900FA4D67 /* Release */,
			);
			defaultConfigurationIsVisible = 0;
			defaultConfigurationName = Release;
		};
/* End XCConfigurationList section */
	};
	rootObject = 03A3E0C929DE231700FA4D67 /* Project object */;
}
